// !$*UTF8*$!
{
	archiveVersion = 1;
	classes = {
	};
	objectVersion = 46;
	objects = {

/* Begin PBXBuildFile section */
		21379A45156157F10036CB40 /* Wonderful.m in Sources */ = {isa = PBXBuildFile; fileRef = 21379A44156157F10036CB40 /* Wonderful.m */; };
		21EA1C11155FCB58000B974E /* UIKit.framework in Frameworks */ = {isa = PBXBuildFile; fileRef = 21EA1C10155FCB58000B974E /* UIKit.framework */; };
		21EA1C13155FCB58000B974E /* Foundation.framework in Frameworks */ = {isa = PBXBuildFile; fileRef = 21EA1C12155FCB58000B974E /* Foundation.framework */; };
		21EA1C15155FCB58000B974E /* CoreGraphics.framework in Frameworks */ = {isa = PBXBuildFile; fileRef = 21EA1C14155FCB58000B974E /* CoreGraphics.framework */; };
		21EA1C1B155FCB58000B974E /* InfoPlist.strings in Resources */ = {isa = PBXBuildFile; fileRef = 21EA1C19155FCB58000B974E /* InfoPlist.strings */; };
		21EA1C1D155FCB58000B974E /* main.m in Sources */ = {isa = PBXBuildFile; fileRef = 21EA1C1C155FCB58000B974E /* main.m */; };
		21EA1C21155FCB58000B974E /* TheWonderfulsAppDelegate.m in Sources */ = {isa = PBXBuildFile; fileRef = 21EA1C20155FCB58000B974E /* TheWonderfulsAppDelegate.m */; };
		21EA1C27155FCB58000B974E /* TheWonderfulsFirstViewController.m in Sources */ = {isa = PBXBuildFile; fileRef = 21EA1C26155FCB58000B974E /* TheWonderfulsFirstViewController.m */; };
		21EA1C29155FCB58000B974E /* first.png in Resources */ = {isa = PBXBuildFile; fileRef = 21EA1C28155FCB58000B974E /* first.png */; };
		21EA1C2B155FCB58000B974E /* first@2x.png in Resources */ = {isa = PBXBuildFile; fileRef = 21EA1C2A155FCB58000B974E /* first@2x.png */; };
		21EA1C2E155FCB58000B974E /* TheWonderfulsSecondViewController.m in Sources */ = {isa = PBXBuildFile; fileRef = 21EA1C2D155FCB58000B974E /* TheWonderfulsSecondViewController.m */; };
		21EA1C30155FCB58000B974E /* second.png in Resources */ = {isa = PBXBuildFile; fileRef = 21EA1C2F155FCB58000B974E /* second.png */; };
		21EA1C32155FCB58000B974E /* second@2x.png in Resources */ = {isa = PBXBuildFile; fileRef = 21EA1C31155FCB58000B974E /* second@2x.png */; };
		21EA1C3A155FD282000B974E /* AddNewWonderViewController.m in Sources */ = {isa = PBXBuildFile; fileRef = 21EA1C39155FD282000B974E /* AddNewWonderViewController.m */; };
/* End PBXBuildFile section */

/* Begin PBXFileReference section */
		21379A43156157F00036CB40 /* Wonderful.h */ = {isa = PBXFileReference; fileEncoding = 4; lastKnownFileType = sourcecode.c.h; path = Wonderful.h; sourceTree = "<group>"; };
		21379A44156157F10036CB40 /* Wonderful.m */ = {isa = PBXFileReference; fileEncoding = 4; lastKnownFileType = sourcecode.c.objc; path = Wonderful.m; sourceTree = "<group>"; };
		21EA1C0C155FCB58000B974E /* TheWonderfuls.app */ = {isa = PBXFileReference; explicitFileType = wrapper.application; includeInIndex = 0; path = TheWonderfuls.app; sourceTree = BUILT_PRODUCTS_DIR; };
		21EA1C10155FCB58000B974E /* UIKit.framework */ = {isa = PBXFileReference; lastKnownFileType = wrapper.framework; name = UIKit.framework; path = System/Library/Frameworks/UIKit.framework; sourceTree = SDKROOT; };
		21EA1C12155FCB58000B974E /* Foundation.framework */ = {isa = PBXFileReference; lastKnownFileType = wrapper.framework; name = Foundation.framework; path = System/Library/Frameworks/Foundation.framework; sourceTree = SDKROOT; };
		21EA1C14155FCB58000B974E /* CoreGraphics.framework */ = {isa = PBXFileReference; lastKnownFileType = wrapper.framework; name = CoreGraphics.framework; path = System/Library/Frameworks/CoreGraphics.framework; sourceTree = SDKROOT; };
		21EA1C18155FCB58000B974E /* TheWonderfuls-Info.plist */ = {isa = PBXFileReference; lastKnownFileType = text.plist.xml; path = "TheWonderfuls-Info.plist"; sourceTree = "<group>"; };
		21EA1C1A155FCB58000B974E /* en */ = {isa = PBXFileReference; lastKnownFileType = text.plist.strings; name = en; path = en.lproj/InfoPlist.strings; sourceTree = "<group>"; };
		21EA1C1C155FCB58000B974E /* main.m */ = {isa = PBXFileReference; lastKnownFileType = sourcecode.c.objc; path = main.m; sourceTree = "<group>"; };
		21EA1C1E155FCB58000B974E /* TheWonderfuls-Prefix.pch */ = {isa = PBXFileReference; lastKnownFileType = sourcecode.c.h; path = "TheWonderfuls-Prefix.pch"; sourceTree = "<group>"; };
		21EA1C1F155FCB58000B974E /* TheWonderfulsAppDelegate.h */ = {isa = PBXFileReference; lastKnownFileType = sourcecode.c.h; path = TheWonderfulsAppDelegate.h; sourceTree = "<group>"; };
		21EA1C20155FCB58000B974E /* TheWonderfulsAppDelegate.m */ = {isa = PBXFileReference; lastKnownFileType = sourcecode.c.objc; path = TheWonderfulsAppDelegate.m; sourceTree = "<group>"; };
		21EA1C25155FCB58000B974E /* TheWonderfulsFirstViewController.h */ = {isa = PBXFileReference; lastKnownFileType = sourcecode.c.h; path = TheWonderfulsFirstViewController.h; sourceTree = "<group>"; };
		21EA1C26155FCB58000B974E /* TheWonderfulsFirstViewController.m */ = {isa = PBXFileReference; lastKnownFileType = sourcecode.c.objc; path = TheWonderfulsFirstViewController.m; sourceTree = "<group>"; };
		21EA1C28155FCB58000B974E /* first.png */ = {isa = PBXFileReference; lastKnownFileType = image.png; path = first.png; sourceTree = "<group>"; };
		21EA1C2A155FCB58000B974E /* first@2x.png */ = {isa = PBXFileReference; lastKnownFileType = image.png; path = "first@2x.png"; sourceTree = "<group>"; };
		21EA1C2C155FCB58000B974E /* TheWonderfulsSecondViewController.h */ = {isa = PBXFileReference; lastKnownFileType = sourcecode.c.h; path = TheWonderfulsSecondViewController.h; sourceTree = "<group>"; };
		21EA1C2D155FCB58000B974E /* TheWonderfulsSecondViewController.m */ = {isa = PBXFileReference; lastKnownFileType = sourcecode.c.objc; path = TheWonderfulsSecondViewController.m; sourceTree = "<group>"; };
		21EA1C2F155FCB58000B974E /* second.png */ = {isa = PBXFileReference; lastKnownFileType = image.png; path = second.png; sourceTree = "<group>"; };
		21EA1C31155FCB58000B974E /* second@2x.png */ = {isa = PBXFileReference; lastKnownFileType = image.png; path = "second@2x.png"; sourceTree = "<group>"; };
		21EA1C38155FD282000B974E /* AddNewWonderViewController.h */ = {isa = PBXFileReference; fileEncoding = 4; lastKnownFileType = sourcecode.c.h; path = AddNewWonderViewController.h; sourceTree = "<group>"; };
		21EA1C39155FD282000B974E /* AddNewWonderViewController.m */ = {isa = PBXFileReference; fileEncoding = 4; lastKnownFileType = sourcecode.c.objc; path = AddNewWonderViewController.m; sourceTree = "<group>"; };
/* End PBXFileReference section */

/* Begin PBXFrameworksBuildPhase section */
		21EA1C09155FCB58000B974E /* Frameworks */ = {
			isa = PBXFrameworksBuildPhase;
			buildActionMask = 2147483647;
			files = (
				21EA1C11155FCB58000B974E /* UIKit.framework in Frameworks */,
				21EA1C13155FCB58000B974E /* Foundation.framework in Frameworks */,
				21EA1C15155FCB58000B974E /* CoreGraphics.framework in Frameworks */,
			);
			runOnlyForDeploymentPostprocessing = 0;
		};
/* End PBXFrameworksBuildPhase section */

/* Begin PBXGroup section */
		21EA1C01155FCB58000B974E = {
			isa = PBXGroup;
			children = (
				21EA1C16155FCB58000B974E /* TheWonderfuls */,
				21EA1C0F155FCB58000B974E /* Frameworks */,
				21EA1C0D155FCB58000B974E /* Products */,
			);
			sourceTree = "<group>";
		};
		21EA1C0D155FCB58000B974E /* Products */ = {
			isa = PBXGroup;
			children = (
				21EA1C0C155FCB58000B974E /* TheWonderfuls.app */,
			);
			name = Products;
			sourceTree = "<group>";
		};
		21EA1C0F155FCB58000B974E /* Frameworks */ = {
			isa = PBXGroup;
			children = (
				21EA1C10155FCB58000B974E /* UIKit.framework */,
				21EA1C12155FCB58000B974E /* Foundation.framework */,
				21EA1C14155FCB58000B974E /* CoreGraphics.framework */,
			);
			name = Frameworks;
			sourceTree = "<group>";
		};
		21EA1C16155FCB58000B974E /* TheWonderfuls */ = {
			isa = PBXGroup;
			children = (
				21EA1C1F155FCB58000B974E /* TheWonderfulsAppDelegate.h */,
				21EA1C20155FCB58000B974E /* TheWonderfulsAppDelegate.m */,
				21EA1C25155FCB58000B974E /* TheWonderfulsFirstViewController.h */,
				21EA1C26155FCB58000B974E /* TheWonderfulsFirstViewController.m */,
				21EA1C38155FD282000B974E /* AddNewWonderViewController.h */,
				21EA1C39155FD282000B974E /* AddNewWonderViewController.m */,
				21EA1C2C155FCB58000B974E /* TheWonderfulsSecondViewController.h */,
				21EA1C2D155FCB58000B974E /* TheWonderfulsSecondViewController.m */,
				21379A43156157F00036CB40 /* Wonderful.h */,
				21379A44156157F10036CB40 /* Wonderful.m */,
				21EA1C28155FCB58000B974E /* first.png */,
				21EA1C2A155FCB58000B974E /* first@2x.png */,
				21EA1C2F155FCB58000B974E /* second.png */,
				21EA1C31155FCB58000B974E /* second@2x.png */,
				21EA1C17155FCB58000B974E /* Supporting Files */,
			);
			path = TheWonderfuls;
			sourceTree = "<group>";
		};
		21EA1C17155FCB58000B974E /* Supporting Files */ = {
			isa = PBXGroup;
			children = (
				21EA1C18155FCB58000B974E /* TheWonderfuls-Info.plist */,
				21EA1C19155FCB58000B974E /* InfoPlist.strings */,
				21EA1C1C155FCB58000B974E /* main.m */,
				21EA1C1E155FCB58000B974E /* TheWonderfuls-Prefix.pch */,
			);
			name = "Supporting Files";
			sourceTree = "<group>";
		};
/* End PBXGroup section */

/* Begin PBXNativeTarget section */
		21EA1C0B155FCB58000B974E /* TheWonderfuls */ = {
			isa = PBXNativeTarget;
			buildConfigurationList = 21EA1C35155FCB58000B974E /* Build configuration list for PBXNativeTarget "TheWonderfuls" */;
			buildPhases = (
				21EA1C08155FCB58000B974E /* Sources */,
				21EA1C09155FCB58000B974E /* Frameworks */,
				21EA1C0A155FCB58000B974E /* Resources */,
			);
			buildRules = (
			);
			dependencies = (
			);
			name = TheWonderfuls;
			productName = TheWonderfuls;
			productReference = 21EA1C0C155FCB58000B974E /* TheWonderfuls.app */;
			productType = "com.apple.product-type.application";
		};
/* End PBXNativeTarget section */

/* Begin PBXProject section */
		21EA1C03155FCB58000B974E /* Project object */ = {
			isa = PBXProject;
			attributes = {
				LastUpgradeCheck = 0420;
				ORGANIZATIONNAME = xffighting.net;
			};
			buildConfigurationList = 21EA1C06155FCB58000B974E /* Build configuration list for PBXProject "TheWonderfuls" */;
			compatibilityVersion = "Xcode 3.2";
			developmentRegion = English;
			hasScannedForEncodings = 0;
			knownRegions = (
				en,
			);
			mainGroup = 21EA1C01155FCB58000B974E;
			productRefGroup = 21EA1C0D155FCB58000B974E /* Products */;
			projectDirPath = "";
			projectRoot = "";
			targets = (
				21EA1C0B155FCB58000B974E /* TheWonderfuls */,
			);
		};
/* End PBXProject section */

/* Begin PBXResourcesBuildPhase section */
		21EA1C0A155FCB58000B974E /* Resources */ = {
			isa = PBXResourcesBuildPhase;
			buildActionMask = 2147483647;
			files = (
				21EA1C1B155FCB58000B974E /* InfoPlist.strings in Resources */,
				21EA1C29155FCB58000B974E /* first.png in Resources */,
				21EA1C2B155FCB58000B974E /* first@2x.png in Resources */,
				21EA1C30155FCB58000B974E /* second.png in Resources */,
				21EA1C32155FCB58000B974E /* second@2x.png in Resources */,
			);
			runOnlyForDeploymentPostprocessing = 0;
		};
/* End PBXResourcesBuildPhase section */

/* Begin PBXSourcesBuildPhase section */
		21EA1C08155FCB58000B974E /* Sources */ = {
			isa = PBXSourcesBuildPhase;
			buildActionMask = 2147483647;
			files = (
				21EA1C1D155FCB58000B974E /* main.m in Sources */,
				21EA1C21155FCB58000B974E /* TheWonderfulsAppDelegate.m in Sources */,
				21EA1C27155FCB58000B974E /* TheWonderfulsFirstViewController.m in Sources */,
				21EA1C2E155FCB58000B974E /* TheWonderfulsSecondViewController.m in Sources */,
				21EA1C3A155FD282000B974E /* AddNewWonderViewController.m in Sources */,
				21379A45156157F10036CB40 /* Wonderful.m in Sources */,
			);
			runOnlyForDeploymentPostprocessing = 0;
		};
/* End PBXSourcesBuildPhase section */

/* Begin PBXVariantGroup section */
		21EA1C19155FCB58000B974E /* InfoPlist.strings */ = {
			isa = PBXVariantGroup;
			children = (
				21EA1C1A155FCB58000B974E /* en */,
			);
			name = InfoPlist.strings;
			sourceTree = "<group>";
		};
/* End PBXVariantGroup section */

/* Begin XCBuildConfiguration section */
		21EA1C33155FCB58000B974E /* Debug */ = {
			isa = XCBuildConfiguration;
			buildSettings = {
				ALWAYS_SEARCH_USER_PATHS = NO;
				ARCHS = "$(ARCHS_STANDARD_32_BIT)";
				CLANG_ENABLE_OBJC_ARC = YES;
				"CODE_SIGN_IDENTITY[sdk=iphoneos*]" = "iPhone Developer";
				COPY_PHASE_STRIP = NO;
				GCC_C_LANGUAGE_STANDARD = gnu99;
				GCC_DYNAMIC_NO_PIC = NO;
				GCC_OPTIMIZATION_LEVEL = 0;
				GCC_PREPROCESSOR_DEFINITIONS = (
					"DEBUG=1",
					"$(inherited)",
				);
				GCC_SYMBOLS_PRIVATE_EXTERN = NO;
				GCC_VERSION = com.apple.compilers.llvm.clang.1_0;
				GCC_WARN_ABOUT_MISSING_PROTOTYPES = YES;
				GCC_WARN_ABOUT_RETURN_TYPE = YES;
				GCC_WARN_UNUSED_VARIABLE = YES;
				IPHONEOS_DEPLOYMENT_TARGET = 5.0;
				SDKROOT = iphoneos;
			};
			name = Debug;
		};
		21EA1C34155FCB58000B974E /* Release */ = {
			isa = XCBuildConfiguration;
			buildSettings = {
				ALWAYS_SEARCH_USER_PATHS = NO;
				ARCHS = "$(ARCHS_STANDARD_32_BIT)";
				CLANG_ENABLE_OBJC_ARC = YES;
				"CODE_SIGN_IDENTITY[sdk=iphoneos*]" = "iPhone Developer";
				COPY_PHASE_STRIP = YES;
				GCC_C_LANGUAGE_STANDARD = gnu99;
				GCC_VERSION = com.apple.compilers.llvm.clang.1_0;
				GCC_WARN_ABOUT_MISSING_PROTOTYPES = YES;
				GCC_WARN_ABOUT_RETURN_TYPE = YES;
				GCC_WARN_UNUSED_VARIABLE = YES;
				IPHONEOS_DEPLOYMENT_TARGET = 5.0;
				OTHER_CFLAGS = "-DNS_BLOCK_ASSERTIONS=1";
				SDKROOT = iphoneos;
				VALIDATE_PRODUCT = YES;
			};
			name = Release;
		};
		21EA1C36155FCB58000B974E /* Debug */ = {
			isa = XCBuildConfiguration;
			buildSettings = {
				GCC_PRECOMPILE_PREFIX_HEADER = YES;
				GCC_PREFIX_HEADER = "TheWonderfuls/TheWonderfuls-Prefix.pch";
				INFOPLIST_FILE = "TheWonderfuls/TheWonderfuls-Info.plist";
				PRODUCT_NAME = "$(TARGET_NAME)";
				WRAPPER_EXTENSION = app;
			};
			name = Debug;
		};
		21EA1C37155FCB58000B974E /* Release */ = {
			isa = XCBuildConfiguration;
			buildSettings = {
				GCC_PRECOMPILE_PREFIX_HEADER = YES;
				GCC_PREFIX_HEADER = "TheWonderfuls/TheWonderfuls-Prefix.pch";
				INFOPLIST_FILE = "TheWonderfuls/TheWonderfuls-Info.plist";
				PRODUCT_NAME = "$(TARGET_NAME)";
				WRAPPER_EXTENSION = app;
			};
			name = Release;
		};
/* End XCBuildConfiguration section */

/* Begin XCConfigurationList section */
		21EA1C06155FCB58000B974E /* Build configuration list for PBXProject "TheWonderfuls" */ = {
			isa = XCConfigurationList;
			buildConfigurations = (
				21EA1C33155FCB58000B974E /* Debug */,
				21EA1C34155FCB58000B974E /* Release */,
			);
			defaultConfigurationIsVisible = 0;
			defaultConfigurationName = Release;
		};
		21EA1C35155FCB58000B974E /* Build configuration list for PBXNativeTarget "TheWonderfuls" */ = {
			isa = XCConfigurationList;
			buildConfigurations = (
				21EA1C36155FCB58000B974E /* Debug */,
				21EA1C37155FCB58000B974E /* Release */,
			);
			defaultConfigurationIsVisible = 0;
			defaultConfigurationName = Release;
		};
/* End XCConfigurationList section */
	};
	rootObject = 21EA1C03155FCB58000B974E /* Project object */;
}
